<Solution>
  <Folder Name="/DynamoDb/">
    <Project Path="DynamoDb/DynamoDb.Api/DynamoDb.Api.csproj" Id="54873c73-a55f-40bf-b864-5dacf93f7b2f" />
    <Project Path="DynamoDb/DynamoDb.Transaction/DynamoDb.Transaction.csproj" Id="796141e9-6caa-404e-9916-eb86e615fa4c" />
  </Folder>
  <Folder Name="/S3/">
    <Project Path="S3/S3.WebApi/S3.WebApi.csproj" Id="1326cdef-7736-47df-84de-61ae1da9d3ea" />
    <Project Path="S3/S3Downloader/S3Downloader.csproj" Id="cbcbe277-71c8-436f-a3b7-59ed4633d3fc" />
    <Project Path="S3/S3Uploader/S3Uploader.csproj" Id="632492be-ee03-4d25-a1ee-29b81b95364f" />
  </Folder>
  <Folder Name="/SNS/">
    <Project Path="SNS/SNS.Shared/SNS.Shared.csproj" Id="a9e8a6f4-41cf-4e4e-9283-4f7d23b802f8" />
    <Project Path="SNS/SNSPublisher/SNSPublisher.csproj" Id="ddc296d3-c4f4-467c-aa39-a5258730513c" />
    <Project Path="SNS/SNSWebApi.Publisher/SNSWebApi.Publisher.csproj" Id="bf935a0b-ecbb-4f98-963a-a605889ada2b" />
  </Folder>
  <Folder Name="/SQS/">
    <Project Path="SQS/SQS.Shared/SQS.Shared.csproj" Id="e11f67e0-08b3-4d1c-9736-32b9362f3f84" />
    <Project Path="SQS/SQSConsumer/SQSConsumer.csproj" Id="a1b310e6-5cc9-4a7b-9ebe-b683c7f62ad1" />
    <Project Path="SQS/SQSPublisher/SQSPublisher.csproj" Id="0a9abc9d-8807-418b-8785-7f42735b3212" />
    <Project Path="SQS/SQSWebApi.Consumer/SQSWebApi.Consumer.csproj" Id="ee9b9f2e-164a-4beb-9ec5-6460ff7d2013" />
    <Project Path="SQS/SQSWebApi.Publisher/SQSWebApi.Publisher.csproj" Id="7243afff-6c65-495c-8e5c-029e83f715ea" />
  </Folder>
</Solution>
